// !$*UTF8*$!
{
	archiveVersion = 1;
	classes = {
	};
	objectVersion = 77;
	objects = {

/* Begin PBXAggregateTarget section */
		322A64B02D4F9B2F00852033 /* Periphery */ = {
			isa = PBXAggregateTarget;
			buildConfigurationList = 322A64B32D4F9B2F00852033 /* Build configuration list for PBXAggregateTarget "Periphery" */;
			buildPhases = (
				322A64B42D4F9B5600852033 /* ShellScript */,
			);
			dependencies = (
			);
			name = Periphery;
			packageProductDependencies = (
			);
			productName = Periphery;
		};
/* End PBXAggregateTarget section */

/* Begin PBXContainerItemProxy section */
		322A64762D4E60D100852033 /* PBXContainerItemProxy */ = {
			isa = PBXContainerItemProxy;
			containerPortal = 322A645D2D4E60CF00852033 /* Project object */;
			proxyType = 1;
			remoteGlobalIDString = 322A64642D4E60CF00852033;
			remoteInfo = GithubActionSample;
		};
		322A64802D4E60D100852033 /* PBXContainerItemProxy */ = {
			isa = PBXContainerItemProxy;
			containerPortal = 322A645D2D4E60CF00852033 /* Project object */;
			proxyType = 1;
			remoteGlobalIDString = 322A64642D4E60CF00852033;
			remoteInfo = GithubActionSample;
		};
/* End PBXContainerItemProxy section */

/* Begin PBXFileReference section */
		322A64652D4E60CF00852033 /* GithubActionSample.app */ = {isa = PBXFileReference; explicitFileType = wrapper.application; includeInIndex = 0; path = GithubActionSample.app; sourceTree = BUILT_PRODUCTS_DIR; };
		322A64752D4E60D100852033 /* GithubActionSampleTests.xctest */ = {isa = PBXFileReference; explicitFileType = wrapper.cfbundle; includeInIndex = 0; path = GithubActionSampleTests.xctest; sourceTree = BUILT_PRODUCTS_DIR; };
		322A647F2D4E60D100852033 /* GithubActionSampleUITests.xctest */ = {isa = PBXFileReference; explicitFileType = wrapper.cfbundle; includeInIndex = 0; path = GithubActionSampleUITests.xctest; sourceTree = BUILT_PRODUCTS_DIR; };
/* End PBXFileReference section */

/* Begin PBXFileSystemSynchronizedRootGroup section */
		322A64672D4E60CF00852033 /* GithubActionSample */ = {
			isa = PBXFileSystemSynchronizedRootGroup;
			path = GithubActionSample;
			sourceTree = "<group>";
		};
		322A64782D4E60D100852033 /* GithubActionSampleTests */ = {
			isa = PBXFileSystemSynchronizedRootGroup;
			path = GithubActionSampleTests;
			sourceTree = "<group>";
		};
		322A64822D4E60D100852033 /* GithubActionSampleUITests */ = {
			isa = PBXFileSystemSynchronizedRootGroup;
			path = GithubActionSampleUITests;
			sourceTree = "<group>";
		};
/* End PBXFileSystemSynchronizedRootGroup section */

/* Begin PBXFrameworksBuildPhase section */
		322A64622D4E60CF00852033 /* Frameworks */ = {
			isa = PBXFrameworksBuildPhase;
			buildActionMask = 2147483647;
			files = (
			);
			runOnlyForDeploymentPostprocessing = 0;
		};
		322A64722D4E60D100852033 /* Frameworks */ = {
			isa = PBXFrameworksBuildPhase;
			buildActionMask = 2147483647;
			files = (
			);
			runOnlyForDeploymentPostprocessing = 0;
		};
		322A647C2D4E60D100852033 /* Frameworks */ = {
			isa = PBXFrameworksBuildPhase;
			buildActionMask = 2147483647;
			files = (
			);
			runOnlyForDeploymentPostprocessing = 0;
		};
/* End PBXFrameworksBuildPhase section */

/* Begin PBXGroup section */
		322A645C2D4E60CF00852033 = {
			isa = PBXGroup;
			children = (
				322A64672D4E60CF00852033 /* GithubActionSample */,
				322A64782D4E60D100852033 /* GithubActionSampleTests */,
				322A64822D4E60D100852033 /* GithubActionSampleUITests */,
				322A64662D4E60CF00852033 /* Products */,
			);
			sourceTree = "<group>";
		};
		322A64662D4E60CF00852033 /* Products */ = {
			isa = PBXGroup;
			children = (
				322A64652D4E60CF00852033 /* GithubActionSample.app */,
				322A64752D4E60D100852033 /* GithubActionSampleTests.xctest */,
				322A647F2D4E60D100852033 /* GithubActionSampleUITests.xctest */,
			);
			name = Products;
			sourceTree = "<group>";
		};
/* End PBXGroup section */

/* Begin PBXNativeTarget section */
		322A64642D4E60CF00852033 /* GithubActionSample */ = {
			isa = PBXNativeTarget;
			buildConfigurationList = 322A64892D4E60D100852033 /* Build configuration list for PBXNativeTarget "GithubActionSample" */;
			buildPhases = (
				322A64612D4E60CF00852033 /* Sources */,
				322A64622D4E60CF00852033 /* Frameworks */,
				322A64632D4E60CF00852033 /* Resources */,
			);
			buildRules = (
			);
			dependencies = (
			);
			fileSystemSynchronizedGroups = (
				322A64672D4E60CF00852033 /* GithubActionSample */,
			);
			name = GithubActionSample;
			packageProductDependencies = (
			);
			productName = GithubActionSample;
			productReference = 322A64652D4E60CF00852033 /* GithubActionSample.app */;
			productType = "com.apple.product-type.application";
		};
		322A64742D4E60D100852033 /* GithubActionSampleTests */ = {
			isa = PBXNativeTarget;
			buildConfigurationList = 322A648C2D4E60D100852033 /* Build configuration list for PBXNativeTarget "GithubActionSampleTests" */;
			buildPhases = (
				322A64712D4E60D100852033 /* Sources */,
				322A64722D4E60D100852033 /* Frameworks */,
				322A64732D4E60D100852033 /* Resources */,
			);
			buildRules = (
			);
			dependencies = (
				322A64772D4E60D100852033 /* PBXTargetDependency */,
			);
			fileSystemSynchronizedGroups = (
				322A64782D4E60D100852033 /* GithubActionSampleTests */,
			);
			name = GithubActionSampleTests;
			packageProductDependencies = (
			);
			productName = GithubActionSampleTests;
			productReference = 322A64752D4E60D100852033 /* GithubActionSampleTests.xctest */;
			productType = "com.apple.product-type.bundle.unit-test";
		};
		322A647E2D4E60D100852033 /* GithubActionSampleUITests */ = {
			isa = PBXNativeTarget;
			buildConfigurationList = 322A648F2D4E60D100852033 /* Build configuration list for PBXNativeTarget "GithubActionSampleUITests" */;
			buildPhases = (
				322A647B2D4E60D100852033 /* Sources */,
				322A647C2D4E60D100852033 /* Frameworks */,
				322A647D2D4E60D100852033 /* Resources */,
			);
			buildRules = (
			);
			dependencies = (
				322A64812D4E60D100852033 /* PBXTargetDependency */,
			);
			fileSystemSynchronizedGroups = (
				322A64822D4E60D100852033 /* GithubActionSampleUITests */,
			);
			name = GithubActionSampleUITests;
			packageProductDependencies = (
			);
			productName = GithubActionSampleUITests;
			productReference = 322A647F2D4E60D100852033 /* GithubActionSampleUITests.xctest */;
			productType = "com.apple.product-type.bundle.ui-testing";
		};
/* End PBXNativeTarget section */

/* Begin PBXProject section */
		322A645D2D4E60CF00852033 /* Project object */ = {
			isa = PBXProject;
			attributes = {
				BuildIndependentTargetsInParallel = 1;
				LastSwiftUpdateCheck = 1600;
				LastUpgradeCheck = 1600;
				TargetAttributes = {
					322A64642D4E60CF00852033 = {
						CreatedOnToolsVersion = 16.0;
					};
					322A64742D4E60D100852033 = {
						CreatedOnToolsVersion = 16.0;
						TestTargetID = 322A64642D4E60CF00852033;
					};
					322A647E2D4E60D100852033 = {
						CreatedOnToolsVersion = 16.0;
						TestTargetID = 322A64642D4E60CF00852033;
					};
					322A64B02D4F9B2F00852033 = {
						CreatedOnToolsVersion = 16.0;
					};
				};
			};
			buildConfigurationList = 322A64602D4E60CF00852033 /* Build configuration list for PBXProject "GithubActionSample" */;
			developmentRegion = en;
			hasScannedForEncodings = 0;
			knownRegions = (
				en,
				Base,
			);
			mainGroup = 322A645C2D4E60CF00852033;
			minimizedProjectReferenceProxies = 1;
			packageReferences = (
				3291881A2D4FB60700CAC793 /* XCRemoteSwiftPackageReference "swift-algorithms" */,
			);
			preferredProjectObjectVersion = 77;
			productRefGroup = 322A64662D4E60CF00852033 /* Products */;
			projectDirPath = "";
			projectRoot = "";
			targets = (
				322A64642D4E60CF00852033 /* GithubActionSample */,
				322A64742D4E60D100852033 /* GithubActionSampleTests */,
				322A647E2D4E60D100852033 /* GithubActionSampleUITests */,
				322A64B02D4F9B2F00852033 /* Periphery */,
			);
		};
/* End PBXProject section */

/* Begin PBXResourcesBuildPhase section */
		322A64632D4E60CF00852033 /* Resources */ = {
			isa = PBXResourcesBuildPhase;
			buildActionMask = 2147483647;
			files = (
			);
			runOnlyForDeploymentPostprocessing = 0;
		};
		322A64732D4E60D100852033 /* Resources */ = {
			isa = PBXResourcesBuildPhase;
			buildActionMask = 2147483647;
			files = (
			);
			runOnlyForDeploymentPostprocessing = 0;
		};
		322A647D2D4E60D100852033 /* Resources */ = {
			isa = PBXResourcesBuildPhase;
			buildActionMask = 2147483647;
			files = (
			);
			runOnlyForDeploymentPostprocessing = 0;
		};
/* End PBXResourcesBuildPhase section */

/* Begin PBXShellScriptBuildPhase section */
		322A64B42D4F9B5600852033 /* ShellScript */ = {
			isa = PBXShellScriptBuildPhase;
			buildActionMask = 2147483647;
			files = (
			);
			inputFileListPaths = (
			);
			inputPaths = (
			);
			outputFileListPaths = (
			);
			outputPaths = (
			);
			runOnlyForDeploymentPostprocessing = 0;
			shellPath = /bin/sh;
			shellScript = "mint run peripheryapp/periphery scan --project GithubActionSample.xcodeproj --schemes GithubActionSample --targets GithubActionSample --format xcode\n\n";
		};
/* End PBXShellScriptBuildPhase section */

/* Begin PBXSourcesBuildPhase section */
		322A64612D4E60CF00852033 /* Sources */ = {
			isa = PBXSourcesBuildPhase;
			buildActionMask = 2147483647;
			files = (
			);
			runOnlyForDeploymentPostprocessing = 0;
		};
		322A64712D4E60D100852033 /* Sources */ = {
			isa = PBXSourcesBuildPhase;
			buildActionMask = 2147483647;
			files = (
			);
			runOnlyForDeploymentPostprocessing = 0;
		};
		322A647B2D4E60D100852033 /* Sources */ = {
			isa = PBXSourcesBuildPhase;
			buildActionMask = 2147483647;
			files = (
			);
			runOnlyForDeploymentPostprocessing = 0;
		};
/* End PBXSourcesBuildPhase section */

/* Begin PBXTargetDependency section */
		322A64772D4E60D100852033 /* PBXTargetDependency */ = {
			isa = PBXTargetDependency;
			target = 322A64642D4E60CF00852033 /* GithubActionSample */;
			targetProxy = 322A64762D4E60D100852033 /* PBXContainerItemProxy */;
		};
		322A64812D4E60D100852033 /* PBXTargetDependency */ = {
			isa = PBXTargetDependency;
			target = 322A64642D4E60CF00852033 /* GithubActionSample */;
			targetProxy = 322A64802D4E60D100852033 /* PBXContainerItemProxy */;
		};
/* End PBXTargetDependency section */

/* Begin XCBuildConfiguration section */
		322A64872D4E60D100852033 /* Debug */ = {
			isa = XCBuildConfiguration;
			buildSettings = {
				ALWAYS_SEARCH_USER_PATHS = NO;
				ASSETCATALOG_COMPILER_GENERATE_SWIFT_ASSET_SYMBOL_EXTENSIONS = YES;
				CLANG_ANALYZER_NONNULL = YES;
				CLANG_ANALYZER_NUMBER_OBJECT_CONVERSION = YES_AGGRESSIVE;
				CLANG_CXX_LANGUAGE_STANDARD = "gnu++20";
				CLANG_ENABLE_MODULES = YES;
				CLANG_ENABLE_OBJC_ARC = YES;
				CLANG_ENABLE_OBJC_WEAK = YES;
				CLANG_WARN_BLOCK_CAPTURE_AUTORELEASING = YES;
				CLANG_WARN_BOOL_CONVERSION = YES;
				CLANG_WARN_COMMA = YES;
				CLANG_WARN_CONSTANT_CONVERSION = YES;
				CLANG_WARN_DEPRECATED_OBJC_IMPLEMENTATIONS = YES;
				CLANG_WARN_DIRECT_OBJC_ISA_USAGE = YES_ERROR;
				CLANG_WARN_DOCUMENTATION_COMMENTS = YES;
				CLANG_WARN_EMPTY_BODY = YES;
				CLANG_WARN_ENUM_CONVERSION = YES;
				CLANG_WARN_INFINITE_RECURSION = YES;
				CLANG_WARN_INT_CONVERSION = YES;
				CLANG_WARN_NON_LITERAL_NULL_CONVERSION = YES;
				CLANG_WARN_OBJC_IMPLICIT_RETAIN_SELF = YES;
				CLANG_WARN_OBJC_LITERAL_CONVERSION = YES;
				CLANG_WARN_OBJC_ROOT_CLASS = YES_ERROR;
				CLANG_WARN_QUOTED_INCLUDE_IN_FRAMEWORK_HEADER = YES;
				CLANG_WARN_RANGE_LOOP_ANALYSIS = YES;
				CLANG_WARN_STRICT_PROTOTYPES = YES;
				CLANG_WARN_SUSPICIOUS_MOVE = YES;
				CLANG_WARN_UNGUARDED_AVAILABILITY = YES_AGGRESSIVE;
				CLANG_WARN_UNREACHABLE_CODE = YES;
				CLANG_WARN__DUPLICATE_METHOD_MATCH = YES;
				COPY_PHASE_STRIP = NO;
				DEBUG_INFORMATION_FORMAT = dwarf;
				ENABLE_STRICT_OBJC_MSGSEND = YES;
				ENABLE_TESTABILITY = YES;
				ENABLE_USER_SCRIPT_SANDBOXING = YES;
				GCC_C_LANGUAGE_STANDARD = gnu17;
				GCC_DYNAMIC_NO_PIC = NO;
				GCC_NO_COMMON_BLOCKS = YES;
				GCC_OPTIMIZATION_LEVEL = 0;
				GCC_PREPROCESSOR_DEFINITIONS = (
					"DEBUG=1",
					"$(inherited)",
				);
				GCC_WARN_64_TO_32_BIT_CONVERSION = YES;
				GCC_WARN_ABOUT_RETURN_TYPE = YES_ERROR;
				GCC_WARN_UNDECLARED_SELECTOR = YES;
				GCC_WARN_UNINITIALIZED_AUTOS = YES_AGGRESSIVE;
				GCC_WARN_UNUSED_FUNCTION = YES;
				GCC_WARN_UNUSED_VARIABLE = YES;
				IPHONEOS_DEPLOYMENT_TARGET = 18.0;
				LOCALIZATION_PREFERS_STRING_CATALOGS = YES;
				MTL_ENABLE_DEBUG_INFO = INCLUDE_SOURCE;
				MTL_FAST_MATH = YES;
				ONLY_ACTIVE_ARCH = YES;
				SDKROOT = iphoneos;
				SWIFT_ACTIVE_COMPILATION_CONDITIONS = "DEBUG $(inherited)";
				SWIFT_OPTIMIZATION_LEVEL = "-Onone";
			};
			name = Debug;
		};
		322A64882D4E60D100852033 /* Release */ = {
			isa = XCBuildConfiguration;
			buildSettings = {
				ALWAYS_SEARCH_USER_PATHS = NO;
				ASSETCATALOG_COMPILER_GENERATE_SWIFT_ASSET_SYMBOL_EXTENSIONS = YES;
				CLANG_ANALYZER_NONNULL = YES;
				CLANG_ANALYZER_NUMBER_OBJECT_CONVERSION = YES_AGGRESSIVE;
				CLANG_CXX_LANGUAGE_STANDARD = "gnu++20";
				CLANG_ENABLE_MODULES = YES;
				CLANG_ENABLE_OBJC_ARC = YES;
				CLANG_ENABLE_OBJC_WEAK = YES;
				CLANG_WARN_BLOCK_CAPTURE_AUTORELEASING = YES;
				CLANG_WARN_BOOL_CONVERSION = YES;
				CLANG_WARN_COMMA = YES;
				CLANG_WARN_CONSTANT_CONVERSION = YES;
				CLANG_WARN_DEPRECATED_OBJC_IMPLEMENTATIONS = YES;
				CLANG_WARN_DIRECT_OBJC_ISA_USAGE = YES_ERROR;
				CLANG_WARN_DOCUMENTATION_COMMENTS = YES;
				CLANG_WARN_EMPTY_BODY = YES;
				CLANG_WARN_ENUM_CONVERSION = YES;
				CLANG_WARN_INFINITE_RECURSION = YES;
				CLANG_WARN_INT_CONVERSION = YES;
				CLANG_WARN_NON_LITERAL_NULL_CONVERSION = YES;
				CLANG_WARN_OBJC_IMPLICIT_RETAIN_SELF = YES;
				CLANG_WARN_OBJC_LITERAL_CONVERSION = YES;
				CLANG_WARN_OBJC_ROOT_CLASS = YES_ERROR;
				CLANG_WARN_QUOTED_INCLUDE_IN_FRAMEWORK_HEADER = YES;
				CLANG_WARN_RANGE_LOOP_ANALYSIS = YES;
				CLANG_WARN_STRICT_PROTOTYPES = YES;
				CLANG_WARN_SUSPICIOUS_MOVE = YES;
				CLANG_WARN_UNGUARDED_AVAILABILITY = YES_AGGRESSIVE;
				CLANG_WARN_UNREACHABLE_CODE = YES;
				CLANG_WARN__DUPLICATE_METHOD_MATCH = YES;
				COPY_PHASE_STRIP = NO;
				DEBUG_INFORMATION_FORMAT = "dwarf-with-dsym";
				ENABLE_NS_ASSERTIONS = NO;
				ENABLE_STRICT_OBJC_MSGSEND = YES;
				ENABLE_USER_SCRIPT_SANDBOXING = YES;
				GCC_C_LANGUAGE_STANDARD = gnu17;
				GCC_NO_COMMON_BLOCKS = YES;
				GCC_WARN_64_TO_32_BIT_CONVERSION = YES;
				GCC_WARN_ABOUT_RETURN_TYPE = YES_ERROR;
				GCC_WARN_UNDECLARED_SELECTOR = YES;
				GCC_WARN_UNINITIALIZED_AUTOS = YES_AGGRESSIVE;
				GCC_WARN_UNUSED_FUNCTION = YES;
				GCC_WARN_UNUSED_VARIABLE = YES;
				IPHONEOS_DEPLOYMENT_TARGET = 18.0;
				LOCALIZATION_PREFERS_STRING_CATALOGS = YES;
				MTL_ENABLE_DEBUG_INFO = NO;
				MTL_FAST_MATH = YES;
				SDKROOT = iphoneos;
				SWIFT_COMPILATION_MODE = wholemodule;
				VALIDATE_PRODUCT = YES;
			};
			name = Release;
		};
		322A648A2D4E60D100852033 /* Debug */ = {
			isa = XCBuildConfiguration;
			buildSettings = {
				ASSETCATALOG_COMPILER_APPICON_NAME = AppIcon;
				ASSETCATALOG_COMPILER_GLOBAL_ACCENT_COLOR_NAME = AccentColor;
				CODE_SIGN_STYLE = Automatic;
				CURRENT_PROJECT_VERSION = 1;
				DEVELOPMENT_ASSET_PATHS = "\"GithubActionSample/Preview Content\"";
				DEVELOPMENT_TEAM = XD2W2H38WX;
				ENABLE_PREVIEWS = YES;
				GENERATE_INFOPLIST_FILE = YES;
				INFOPLIST_KEY_UIApplicationSceneManifest_Generation = YES;
				INFOPLIST_KEY_UIApplicationSupportsIndirectInputEvents = YES;
				INFOPLIST_KEY_UILaunchScreen_Generation = YES;
				INFOPLIST_KEY_UISupportedInterfaceOrientations_iPad = "UIInterfaceOrientationPortrait UIInterfaceOrientationPortraitUpsideDown UIInterfaceOrientationLandscapeLeft UIInterfaceOrientationLandscapeRight";
				INFOPLIST_KEY_UISupportedInterfaceOrientations_iPhone = "UIInterfaceOrientationPortrait UIInterfaceOrientationLandscapeLeft UIInterfaceOrientationLandscapeRight";
				LD_RUNPATH_SEARCH_PATHS = (
					"$(inherited)",
					"@executable_path/Frameworks",
				);
				MARKETING_VERSION = 1.0;
				PRODUCT_BUNDLE_IDENTIFIER = com.tomoaki.GithubActionSample;
				PRODUCT_NAME = "$(TARGET_NAME)";
				SWIFT_EMIT_LOC_STRINGS = YES;
				SWIFT_VERSION = 5.0;
				TARGETED_DEVICE_FAMILY = "1,2";
			};
			name = Debug;
		};
		322A648B2D4E60D100852033 /* Release */ = {
			isa = XCBuildConfiguration;
			buildSettings = {
				ASSETCATALOG_COMPILER_APPICON_NAME = AppIcon;
				ASSETCATALOG_COMPILER_GLOBAL_ACCENT_COLOR_NAME = AccentColor;
				CODE_SIGN_STYLE = Automatic;
				CURRENT_PROJECT_VERSION = 1;
				DEVELOPMENT_ASSET_PATHS = "\"GithubActionSample/Preview Content\"";
				DEVELOPMENT_TEAM = XD2W2H38WX;
				ENABLE_PREVIEWS = YES;
				GENERATE_INFOPLIST_FILE = YES;
				INFOPLIST_KEY_UIApplicationSceneManifest_Generation = YES;
				INFOPLIST_KEY_UIApplicationSupportsIndirectInputEvents = YES;
				INFOPLIST_KEY_UILaunchScreen_Generation = YES;
				INFOPLIST_KEY_UISupportedInterfaceOrientations_iPad = "UIInterfaceOrientationPortrait UIInterfaceOrientationPortraitUpsideDown UIInterfaceOrientationLandscapeLeft UIInterfaceOrientationLandscapeRight";
				INFOPLIST_KEY_UISupportedInterfaceOrientations_iPhone = "UIInterfaceOrientationPortrait UIInterfaceOrientationLandscapeLeft UIInterfaceOrientationLandscapeRight";
				LD_RUNPATH_SEARCH_PATHS = (
					"$(inherited)",
					"@executable_path/Frameworks",
				);
				MARKETING_VERSION = 1.0;
				PRODUCT_BUNDLE_IDENTIFIER = com.tomoaki.GithubActionSample;
				PRODUCT_NAME = "$(TARGET_NAME)";
				SWIFT_EMIT_LOC_STRINGS = YES;
				SWIFT_VERSION = 5.0;
				TARGETED_DEVICE_FAMILY = "1,2";
			};
			name = Release;
		};
		322A648D2D4E60D100852033 /* Debug */ = {
			isa = XCBuildConfiguration;
			buildSettings = {
				BUNDLE_LOADER = "$(TEST_HOST)";
				CODE_SIGN_STYLE = Automatic;
				CURRENT_PROJECT_VERSION = 1;
				DEVELOPMENT_TEAM = XD2W2H38WX;
				GENERATE_INFOPLIST_FILE = YES;
				IPHONEOS_DEPLOYMENT_TARGET = 18.0;
				MARKETING_VERSION = 1.0;
				PRODUCT_BUNDLE_IDENTIFIER = com.tomoaki.GithubActionSampleTests;
				PRODUCT_NAME = "$(TARGET_NAME)";
				SWIFT_EMIT_LOC_STRINGS = NO;
				SWIFT_VERSION = 5.0;
				TARGETED_DEVICE_FAMILY = "1,2";
				TEST_HOST = "$(BUILT_PRODUCTS_DIR)/GithubActionSample.app/$(BUNDLE_EXECUTABLE_FOLDER_PATH)/GithubActionSample";
			};
			name = Debug;
		};
		322A648E2D4E60D100852033 /* Release */ = {
			isa = XCBuildConfiguration;
			buildSettings = {
				BUNDLE_LOADER = "$(TEST_HOST)";
				CODE_SIGN_STYLE = Automatic;
				CURRENT_PROJECT_VERSION = 1;
				DEVELOPMENT_TEAM = XD2W2H38WX;
				GENERATE_INFOPLIST_FILE = YES;
				IPHONEOS_DEPLOYMENT_TARGET = 18.0;
				MARKETING_VERSION = 1.0;
				PRODUCT_BUNDLE_IDENTIFIER = com.tomoaki.GithubActionSampleTests;
				PRODUCT_NAME = "$(TARGET_NAME)";
				SWIFT_EMIT_LOC_STRINGS = NO;
				SWIFT_VERSION = 5.0;
				TARGETED_DEVICE_FAMILY = "1,2";
				TEST_HOST = "$(BUILT_PRODUCTS_DIR)/GithubActionSample.app/$(BUNDLE_EXECUTABLE_FOLDER_PATH)/GithubActionSample";
			};
			name = Release;
		};
		322A64902D4E60D100852033 /* Debug */ = {
			isa = XCBuildConfiguration;
			buildSettings = {
				CODE_SIGN_STYLE = Automatic;
				CURRENT_PROJECT_VERSION = 1;
				DEVELOPMENT_TEAM = XD2W2H38WX;
				GENERATE_INFOPLIST_FILE = YES;
				MARKETING_VERSION = 1.0;
				PRODUCT_BUNDLE_IDENTIFIER = com.tomoaki.GithubActionSampleUITests;
				PRODUCT_NAME = "$(TARGET_NAME)";
				SWIFT_EMIT_LOC_STRINGS = NO;
				SWIFT_VERSION = 5.0;
				TARGETED_DEVICE_FAMILY = "1,2";
				TEST_TARGET_NAME = GithubActionSample;
			};
			name = Debug;
		};
		322A64912D4E60D100852033 /* Release */ = {
			isa = XCBuildConfiguration;
			buildSettings = {
				CODE_SIGN_STYLE = Automatic;
				CURRENT_PROJECT_VERSION = 1;
				DEVELOPMENT_TEAM = XD2W2H38WX;
				GENERATE_INFOPLIST_FILE = YES;
				MARKETING_VERSION = 1.0;
				PRODUCT_BUNDLE_IDENTIFIER = com.tomoaki.GithubActionSampleUITests;
				PRODUCT_NAME = "$(TARGET_NAME)";
				SWIFT_EMIT_LOC_STRINGS = NO;
				SWIFT_VERSION = 5.0;
				TARGETED_DEVICE_FAMILY = "1,2";
				TEST_TARGET_NAME = GithubActionSample;
			};
			name = Release;
		};
		322A64B12D4F9B2F00852033 /* Debug */ = {
			isa = XCBuildConfiguration;
			buildSettings = {
				CODE_SIGN_STYLE = Automatic;
				DEVELOPMENT_TEAM = XD2W2H38WX;
				PRODUCT_NAME = "$(TARGET_NAME)";
			};
			name = Debug;
		};
		322A64B22D4F9B2F00852033 /* Release */ = {
			isa = XCBuildConfiguration;
			buildSettings = {
				CODE_SIGN_STYLE = Automatic;
				DEVELOPMENT_TEAM = XD2W2H38WX;
				PRODUCT_NAME = "$(TARGET_NAME)";
			};
			name = Release;
		};
/* End XCBuildConfiguration section */

/* Begin XCConfigurationList section */
		322A64602D4E60CF00852033 /* Build configuration list for PBXProject "GithubActionSample" */ = {
			isa = XCConfigurationList;
			buildConfigurations = (
				322A64872D4E60D100852033 /* Debug */,
				322A64882D4E60D100852033 /* Release */,
			);
			defaultConfigurationIsVisible = 0;
			defaultConfigurationName = Release;
		};
		322A64892D4E60D100852033 /* Build configuration list for PBXNativeTarget "GithubActionSample" */ = {
			isa = XCConfigurationList;
			buildConfigurations = (
				322A648A2D4E60D100852033 /* Debug */,
				322A648B2D4E60D100852033 /* Release */,
			);
			defaultConfigurationIsVisible = 0;
			defaultConfigurationName = Release;
		};
		322A648C2D4E60D100852033 /* Build configuration list for PBXNativeTarget "GithubActionSampleTests" */ = {
			isa = XCConfigurationList;
			buildConfigurations = (
				322A648D2D4E60D100852033 /* Debug */,
				322A648E2D4E60D100852033 /* Release */,
			);
			defaultConfigurationIsVisible = 0;
			defaultConfigurationName = Release;
		};
		322A648F2D4E60D100852033 /* Build configuration list for PBXNativeTarget "GithubActionSampleUITests" */ = {
			isa = XCConfigurationList;
			buildConfigurations = (
				322A64902D4E60D100852033 /* Debug */,
				322A64912D4E60D100852033 /* Release */,
			);
			defaultConfigurationIsVisible = 0;
			defaultConfigurationName = Release;
		};
		322A64B32D4F9B2F00852033 /* Build configuration list for PBXAggregateTarget "Periphery" */ = {
			isa = XCConfigurationList;
			buildConfigurations = (
				322A64B12D4F9B2F00852033 /* Debug */,
				322A64B22D4F9B2F00852033 /* Release */,
			);
			defaultConfigurationIsVisible = 0;
			defaultConfigurationName = Release;
		};
/* End XCConfigurationList section */

/* Begin XCRemoteSwiftPackageReference section */
		3291881A2D4FB60700CAC793 /* XCRemoteSwiftPackageReference "swift-algorithms" */ = {
			isa = XCRemoteSwiftPackageReference;
			repositoryURL = "https://github.com/apple/swift-algorithms.git";
			requirement = {
				kind = upToNextMajorVersion;
				minimumVersion = 1.2.0;
			};
		};
/* End XCRemoteSwiftPackageReference section */
	};
	rootObject = 322A645D2D4E60CF00852033 /* Project object */;
}
